
Microsoft Visual Studio Solution File, Format Version 12.00
# Visual Studio Version 16
VisualStudioVersion = 16.0.29306.81
MinimumVisualStudioVersion = 10.0.40219.1
Project("{FAE04EC0-301F-11D3-BF4B-00C04F79EFBC}") = "Lab_1", "Lab_1.csproj", "{F0B75568-2388-4D2D-9DB9-33F794B8EF67}"
EndProject
Global
	GlobalSection(SolutionConfigurationPlatforms) = preSolution
		Debug|Any CPU = Debug|Any CPU
		Release|Any CPU = Release|Any CPU
	EndGlobalSection
	GlobalSection(ProjectConfigurationPlatforms) = postSolution
		{F0B75568-2388-4D2D-9DB9-33F794B8EF67}.Debug|Any CPU.ActiveCfg = Debug|Any CPU
		{F0B75568-2388-4D2D-9DB9-33F794B8EF67}.Debug|Any CPU.Build.0 = Debug|Any CPU
		{F0B75568-2388-4D2D-9DB9-33F794B8EF67}.Release|Any CPU.ActiveCfg = Release|Any CPU
		{F0B75568-2388-4D2D-9DB9-33F794B8EF67}.Release|Any CPU.Build.0 = Release|Any CPU
	EndGlobalSection
	GlobalSection(SolutionProperties) = preSolution
		HideSolutionNode = FALSE
	EndGlobalSection
	GlobalSection(ExtensibilityGlobals) = postSolution
		SolutionGuid = {2B08372F-7DA4-4953-BF48-6655A9443E64}
	EndGlobalSection
EndGlobal
